
Microsoft Visual Studio Solution File, Format Version 12.00
# Visual Studio Version 17
VisualStudioVersion = 17.10.35013.160
MinimumVisualStudioVersion = 10.0.40219.1
Project("{FAE04EC0-301F-11D3-BF4B-00C04F79EFBC}") = "CualEsMayor", "CualEsMayor\CualEsMayor.csproj", "{CE27A1EE-0D27-481F-96CE-E72A1A0956A2}"
EndProject
Global
	GlobalSection(SolutionConfigurationPlatforms) = preSolution
		Debug|Any CPU = Debug|Any CPU
		Release|Any CPU = Release|Any CPU
	EndGlobalSection
	GlobalSection(ProjectConfigurationPlatforms) = postSolution
		{CE27A1EE-0D27-481F-96CE-E72A1A0956A2}.Debug|Any CPU.ActiveCfg = Debug|Any CPU
		{CE27A1EE-0D27-481F-96CE-E72A1A0956A2}.Debug|Any CPU.Build.0 = Debug|Any CPU
		{CE27A1EE-0D27-481F-96CE-E72A1A0956A2}.Release|Any CPU.ActiveCfg = Release|Any CPU
		{CE27A1EE-0D27-481F-96CE-E72A1A0956A2}.Release|Any CPU.Build.0 = Release|Any CPU
	EndGlobalSection
	GlobalSection(SolutionProperties) = preSolution
		HideSolutionNode = FALSE
	EndGlobalSection
	GlobalSection(ExtensibilityGlobals) = postSolution
		SolutionGuid = {DC4C3A0E-4918-4E6D-9D43-CAA87D7B4BA6}
	EndGlobalSection
EndGlobal
