
Microsoft Visual Studio Solution File, Format Version 12.00
# Visual Studio Version 17
VisualStudioVersion = 17.10.35013.160
MinimumVisualStudioVersion = 10.0.40219.1
Project("{FAE04EC0-301F-11D3-BF4B-00C04F79EFBC}") = "EJ11", "EJ11\EJ11.csproj", "{9AD59D69-1B90-45F7-BF41-42612F76F973}"
EndProject
Global
	GlobalSection(SolutionConfigurationPlatforms) = preSolution
		Debug|Any CPU = Debug|Any CPU
		Release|Any CPU = Release|Any CPU
	EndGlobalSection
	GlobalSection(ProjectConfigurationPlatforms) = postSolution
		{9AD59D69-1B90-45F7-BF41-42612F76F973}.Debug|Any CPU.ActiveCfg = Debug|Any CPU
		{9AD59D69-1B90-45F7-BF41-42612F76F973}.Debug|Any CPU.Build.0 = Debug|Any CPU
		{9AD59D69-1B90-45F7-BF41-42612F76F973}.Release|Any CPU.ActiveCfg = Release|Any CPU
		{9AD59D69-1B90-45F7-BF41-42612F76F973}.Release|Any CPU.Build.0 = Release|Any CPU
	EndGlobalSection
	GlobalSection(SolutionProperties) = preSolution
		HideSolutionNode = FALSE
	EndGlobalSection
	GlobalSection(ExtensibilityGlobals) = postSolution
		SolutionGuid = {82488ED0-058A-4D45-8D2C-B579C1C2BC09}
	EndGlobalSection
EndGlobal
